
Microsoft Visual Studio Solution File, Format Version 12.00
# Visual Studio Version 16
VisualStudioVersion = 16.0.32929.386
MinimumVisualStudioVersion = 10.0.40219.1
Project("{FAE04EC0-301F-11D3-BF4B-00C04F79EFBC}") = "B-E-Task15", "B-E-Task15\B-E-Task15.csproj", "{7DDA4B0C-814C-455B-B108-B55185E6BC5D}"
EndProject
Global
	GlobalSection(SolutionConfigurationPlatforms) = preSolution
		Debug|Any CPU = Debug|Any CPU
		Release|Any CPU = Release|Any CPU
	EndGlobalSection
	GlobalSection(ProjectConfigurationPlatforms) = postSolution
		{7DDA4B0C-814C-455B-B108-B55185E6BC5D}.Debug|Any CPU.ActiveCfg = Debug|Any CPU
		{7DDA4B0C-814C-455B-B108-B55185E6BC5D}.Debug|Any CPU.Build.0 = Debug|Any CPU
		{7DDA4B0C-814C-455B-B108-B55185E6BC5D}.Release|Any CPU.ActiveCfg = Release|Any CPU
		{7DDA4B0C-814C-455B-B108-B55185E6BC5D}.Release|Any CPU.Build.0 = Release|Any CPU
	EndGlobalSection
	GlobalSection(SolutionProperties) = preSolution
		HideSolutionNode = FALSE
	EndGlobalSection
	GlobalSection(ExtensibilityGlobals) = postSolution
		SolutionGuid = {E230E26F-16DA-4713-8F79-8CB81F7DE7AC}
	EndGlobalSection
EndGlobal
